
Microsoft Visual Studio Solution File, Format Version 12.00
# Visual Studio 15
VisualStudioVersion = 15.0.26730.16
MinimumVisualStudioVersion = 10.0.40219.1
Project("{FAE04EC0-301F-11D3-BF4B-00C04F79EFBC}") = "Image to File Decryptor", "Image to File Decryptor\Image to File Decryptor.csproj", "{D1D60A3F-F479-4F32-9D4E-24944AA08A11}"
EndProject
Project("{2150E333-8FDC-42A3-9474-1A3956D46DE8}") = "Solution Items", "Solution Items", "{DC1EC103-CD46-4D38-93EB-015A28D68981}"
	ProjectSection(SolutionItems) = preProject
		PrototypeWorld.png = PrototypeWorld.png
	EndProjectSection
EndProject
Global
	GlobalSection(SolutionConfigurationPlatforms) = preSolution
		Debug|Any CPU = Debug|Any CPU
		Release|Any CPU = Release|Any CPU
	EndGlobalSection
	GlobalSection(ProjectConfigurationPlatforms) = postSolution
		{D1D60A3F-F479-4F32-9D4E-24944AA08A11}.Debug|Any CPU.ActiveCfg = Debug|Any CPU
		{D1D60A3F-F479-4F32-9D4E-24944AA08A11}.Debug|Any CPU.Build.0 = Debug|Any CPU
		{D1D60A3F-F479-4F32-9D4E-24944AA08A11}.Release|Any CPU.ActiveCfg = Release|Any CPU
		{D1D60A3F-F479-4F32-9D4E-24944AA08A11}.Release|Any CPU.Build.0 = Release|Any CPU
	EndGlobalSection
	GlobalSection(SolutionProperties) = preSolution
		HideSolutionNode = FALSE
	EndGlobalSection
	GlobalSection(ExtensibilityGlobals) = postSolution
		SolutionGuid = {7A994C18-4896-4EE8-A0C5-CCB069640AB4}
	EndGlobalSection
EndGlobal
